
Microsoft Visual Studio Solution File, Format Version 12.00
# Visual Studio Version 17
VisualStudioVersion = 17.7.34003.232
MinimumVisualStudioVersion = 10.0.40219.1
Project("{FAE04EC0-301F-11D3-BF4B-00C04F79EFBC}") = "Examination-System", "Examination-System\Examination-System.csproj", "{E9929C60-FCCE-499E-B934-15F90E0B34C4}"
EndProject
Global
	GlobalSection(SolutionConfigurationPlatforms) = preSolution
		Debug|Any CPU = Debug|Any CPU
		Release|Any CPU = Release|Any CPU
	EndGlobalSection
	GlobalSection(ProjectConfigurationPlatforms) = postSolution
		{E9929C60-FCCE-499E-B934-15F90E0B34C4}.Debug|Any CPU.ActiveCfg = Debug|Any CPU
		{E9929C60-FCCE-499E-B934-15F90E0B34C4}.Debug|Any CPU.Build.0 = Debug|Any CPU
		{E9929C60-FCCE-499E-B934-15F90E0B34C4}.Release|Any CPU.ActiveCfg = Release|Any CPU
		{E9929C60-FCCE-499E-B934-15F90E0B34C4}.Release|Any CPU.Build.0 = Release|Any CPU
	EndGlobalSection
	GlobalSection(SolutionProperties) = preSolution
		HideSolutionNode = FALSE
	EndGlobalSection
	GlobalSection(ExtensibilityGlobals) = postSolution
		SolutionGuid = {87CA379D-D8BB-4DA4-94D3-686E21DB52B2}
	EndGlobalSection
EndGlobal
